# This lock file was generated by conda-lock (https://github.com/conda/conda-lock). DO NOT EDIT!
#
# A "lock file" contains a concrete list of package versions (with checksums) to be installed. Unlike
# e.g. `conda env create`, the resulting environment will not change as new package versions become
# available, unless you explicitly update the lock file.
#
# Install this environment as "YOURENV" with:
#     conda-lock install -n YOURENV conda-lock.yml
# To update a single package to the latest version compatible with the version constraints in the source:
#     conda-lock lock  --lockfile conda-lock.yml --update PACKAGE
# To re-solve the entire environment, e.g. after changing a version constraint in the source file:
#     conda-lock -f environment.yml --lockfile conda-lock.yml
version: 1
metadata:
  content_hash:
    linux-64: a704f041e4c28ba8d437f13926da62241219fd29a56c1d1b33ea2134c5c00106
    linux-aarch64: 9af207dd1dc2c7ba4517294f196c015bedd0b96eda1b02dd0b7933f6ffa38069
    osx-64: 3f9610c573513c9cd68de0b76162293273c666eb3951e018df58fc478736e329
    osx-arm64: 4b768cde69349c13f8d05cf19647f62c81e02c079e8bc619b38df818e938b406
    win-64: 4c67b3a077bb40ea366c5600a7b242baaea9dfa77992c754e74305fe442b0cff
  channels:
  - url: conda-forge
    used_env_vars: []
  platforms:
  - linux-64
  - linux-aarch64
  - osx-64
  - osx-arm64
  - win-64
  sources:
  - environment.yml
package:
- name: _libgcc_mutex
  version: '0.1'
  manager: conda
  platform: linux-64
  dependencies: {}
  url: https://conda.anaconda.org/conda-forge/linux-64/_libgcc_mutex-0.1-conda_forge.tar.bz2
  hash:
    md5: d7c89558ba9fa0495403155b64376d81
    sha256: fe51de6107f9edc7aa4f786a70f4a883943bc9d39b3bb7307c04c41410990726
  category: main
  optional: false
- name: _openmp_mutex
  version: '4.5'
  manager: conda
  platform: linux-64
  dependencies:
    _libgcc_mutex: '0.1'
    libgomp: '>=7.5.0'
  url: https://conda.anaconda.org/conda-forge/linux-64/_openmp_mutex-4.5-2_gnu.tar.bz2
  hash:
    md5: 73aaf86a425cc6e73fcf236a5a46396d
    sha256: fbe2c5e56a653bebb982eda4876a9178aedfc2b545f25d0ce9c4c0b508253d22
  category: main
  optional: false
- name: _openmp_mutex
  version: '4.5'
  manager: conda
  platform: linux-aarch64
  dependencies:
    libgomp: '>=7.5.0'
  url: https://conda.anaconda.org/conda-forge/linux-aarch64/_openmp_mutex-4.5-2_gnu.tar.bz2
  hash:
    md5: 6168d71addc746e8f2b8d57dfd2edcea
    sha256: 3702bef2f0a4d38bd8288bbe54aace623602a1343c2cfbefd3fa188e015bebf0
  category: main
  optional: false
- name: bzip2
  version: 1.0.8
  manager: conda
  platform: linux-64
  dependencies:
    __glibc: '>=2.17,<3.0.a0'
    libgcc-ng: '>=12'
  url: https://conda.anaconda.org/conda-forge/linux-64/bzip2-1.0.8-h4bc722e_7.conda
  hash:
    md5: 62ee74e96c5ebb0af99386de58cf9553
    sha256: 5ced96500d945fb286c9c838e54fa759aa04a7129c59800f0846b4335cee770d
  category: main
  optional: false
- name: bzip2
  version: 1.0.8
  manager: conda
  platform: linux-aarch64
  dependencies:
    libgcc-ng: '>=12'
  url: https://conda.anaconda.org/conda-forge/linux-aarch64/bzip2-1.0.8-h68df207_7.conda
  hash:
    md5: 56398c28220513b9ea13d7b450acfb20
    sha256: 2258b0b33e1cb3a9852d47557984abb6e7ea58e3d7f92706ec1f8e879290c4cb
  category: main
  optional: false
- name: bzip2
  version: 1.0.8
  manager: conda
  platform: osx-64
  dependencies:
    __osx: '>=10.13'
  url: https://conda.anaconda.org/conda-forge/osx-64/bzip2-1.0.8-hfdf4475_7.conda
  hash:
    md5: 7ed4301d437b59045be7e051a0308211
    sha256: cad153608b81fb24fc8c509357daa9ae4e49dfc535b2cb49b91e23dbd68fc3c5
  category: main
  optional: false
- name: bzip2
  version: 1.0.8
  manager: conda
  platform: osx-arm64
  dependencies:
    __osx: '>=11.0'
  url: https://conda.anaconda.org/conda-forge/osx-arm64/bzip2-1.0.8-h99b78c6_7.conda
  hash:
    md5: fc6948412dbbbe9a4c9ddbbcfe0a79ab
    sha256: adfa71f158cbd872a36394c56c3568e6034aa55c623634b37a4836bd036e6b91
  category: main
  optional: false
- name: bzip2
  version: 1.0.8
  manager: conda
  platform: win-64
  dependencies:
    ucrt: '>=10.0.20348.0'
    vc: '>=14.2,<15'
    vc14_runtime: '>=14.29.30139'
  url: https://conda.anaconda.org/conda-forge/win-64/bzip2-1.0.8-h2466b09_7.conda
  hash:
    md5: 276e7ffe9ffe39688abc665ef0f45596
    sha256: 35a5dad92e88fdd7fc405e864ec239486f4f31eec229e31686e61a140a8e573b
  category: main
  optional: false
- name: ca-certificates
  version: 2025.1.31
  manager: conda
  platform: linux-64
  dependencies: {}
  url: https://conda.anaconda.org/conda-forge/linux-64/ca-certificates-2025.1.31-hbcca054_0.conda
  hash:
    md5: 19f3a56f68d2fd06c516076bff482c52
    sha256: bf832198976d559ab44d6cdb315642655547e26d826e34da67cbee6624cda189
  category: main
  optional: false
- name: ca-certificates
  version: 2025.1.31
  manager: conda
  platform: linux-aarch64
  dependencies: {}
  url: https://conda.anaconda.org/conda-forge/linux-aarch64/ca-certificates-2025.1.31-hcefe29a_0.conda
  hash:
    md5: 462cb166cd2e26a396f856510a3aff67
    sha256: 66c6408ee461593cfdb2d78d82e6ed74d04a04ccb51df3ef8a5f35148c9c6eec
  category: main
  optional: false
- name: ca-certificates
  version: 2025.1.31
  manager: conda
  platform: osx-64
  dependencies: {}
  url: https://conda.anaconda.org/conda-forge/osx-64/ca-certificates-2025.1.31-h8857fd0_0.conda
  hash:
    md5: 3418b6c8cac3e71c0bc089fc5ea53042
    sha256: 42e911ee2d8808eacedbec46d99b03200a6138b8e8a120bd8acabe1cac41c63b
  category: main
  optional: false
- name: ca-certificates
  version: 2025.1.31
  manager: conda
  platform: osx-arm64
  dependencies: {}
  url: https://conda.anaconda.org/conda-forge/osx-arm64/ca-certificates-2025.1.31-hf0a4a13_0.conda
  hash:
    md5: 3569d6a9141adc64d2fe4797f3289e06
    sha256: 7e12816618173fe70f5c638b72adf4bfd4ddabf27794369bb17871c5bb75b9f9
  category: main
  optional: false
- name: ca-certificates
  version: 2025.1.31
  manager: conda
  platform: win-64
  dependencies: {}
  url: https://conda.anaconda.org/conda-forge/win-64/ca-certificates-2025.1.31-h56e8100_0.conda
  hash:
    md5: 5304a31607974dfc2110dfbb662ed092
    sha256: 1bedccdf25a3bd782d6b0e57ddd97cdcda5501716009f2de4479a779221df155
  category: main
  optional: false
- name: ld_impl_linux-64
  version: '2.43'
  manager: conda
  platform: linux-64
  dependencies:
    __glibc: '>=2.17,<3.0.a0'
  url: https://conda.anaconda.org/conda-forge/linux-64/ld_impl_linux-64-2.43-h712a8e2_4.conda
  hash:
    md5: 01f8d123c96816249efd255a31ad7712
    sha256: db73f38155d901a610b2320525b9dd3b31e4949215c870685fd92ea61b5ce472
  category: main
  optional: false
- name: ld_impl_linux-aarch64
  version: '2.43'
  manager: conda
  platform: linux-aarch64
  dependencies: {}
  url: https://conda.anaconda.org/conda-forge/linux-aarch64/ld_impl_linux-aarch64-2.43-h80caac9_4.conda
  hash:
    md5: 80c9ad5e05e91bb6c0967af3880c9742
    sha256: 016832a70b0aa97e1c4e47e23c00b0c34def679de25146736df353199f684f0d
  category: main
  optional: false
- name: libexpat
  version: 2.6.4
  manager: conda
  platform: linux-64
  dependencies:
    __glibc: '>=2.17,<3.0.a0'
    libgcc: '>=13'
  url: https://conda.anaconda.org/conda-forge/linux-64/libexpat-2.6.4-h5888daf_0.conda
  hash:
    md5: db833e03127376d461e1e13e76f09b6c
    sha256: 56541b98447b58e52d824bd59d6382d609e11de1f8adf20b23143e353d2b8d26
  category: main
  optional: false
- name: libexpat
  version: 2.6.4
  manager: conda
  platform: linux-aarch64
  dependencies:
    libgcc: '>=13'
  url: https://conda.anaconda.org/conda-forge/linux-aarch64/libexpat-2.6.4-h5ad3122_0.conda
  hash:
    md5: f1b3fab36861b3ce945a13f0dfdfc688
    sha256: f42e758009ba9db90d1fe7992bc3e60d0c52f71fb20923375d2c44ae69a5a2b3
  category: main
  optional: false
- name: libexpat
  version: 2.6.4
  manager: conda
  platform: osx-64
  dependencies:
    __osx: '>=10.13'
  url: https://conda.anaconda.org/conda-forge/osx-64/libexpat-2.6.4-h240833e_0.conda
  hash:
    md5: 20307f4049a735a78a29073be1be2626
    sha256: d10f43d0c5df6c8cf55259bce0fe14d2377eed625956cddce06f58827d288c59
  category: main
  optional: false
- name: libexpat
  version: 2.6.4
  manager: conda
  platform: osx-arm64
  dependencies:
    __osx: '>=11.0'
  url: https://conda.anaconda.org/conda-forge/osx-arm64/libexpat-2.6.4-h286801f_0.conda
  hash:
    md5: 38d2656dd914feb0cab8c629370768bf
    sha256: e42ab5ace927ee7c84e3f0f7d813671e1cf3529f5f06ee5899606630498c2745
  category: main
  optional: false
- name: libexpat
  version: 2.6.4
  manager: conda
  platform: win-64
  dependencies:
    ucrt: '>=10.0.20348.0'
    vc: '>=14.2,<15'
    vc14_runtime: '>=14.29.30139'
  url: https://conda.anaconda.org/conda-forge/win-64/libexpat-2.6.4-he0c23c2_0.conda
  hash:
    md5: eb383771c680aa792feb529eaf9df82f
    sha256: 0c0447bf20d1013d5603499de93a16b6faa92d7ead870d96305c0f065b6a5a12
  category: main
  optional: false
- name: libffi
  version: 3.4.6
  manager: conda
  platform: linux-64
  dependencies:
    __glibc: '>=2.17,<3.0.a0'
    libgcc: '>=13'
  url: https://conda.anaconda.org/conda-forge/linux-64/libffi-3.4.6-h2dba641_0.conda
  hash:
    md5: e3eb7806380bc8bcecba6d749ad5f026
    sha256: 67a6c95e33ebc763c1adc3455b9a9ecde901850eb2fceb8e646cc05ef3a663da
  category: main
  optional: false
- name: libffi
  version: 3.4.6
  manager: conda
  platform: linux-aarch64
  dependencies:
    libgcc: '>=13'
  url: https://conda.anaconda.org/conda-forge/linux-aarch64/libffi-3.4.6-he21f813_0.conda
  hash:
    md5: 966084fccf3ad62a3160666cda869f28
    sha256: 41568066beefe7b319ff27d85952242e5b77fb753d705b8716041959e17c35c2
  category: main
  optional: false
- name: libffi
  version: 3.4.6
  manager: conda
  platform: osx-64
  dependencies:
    __osx: '>=10.13'
  url: https://conda.anaconda.org/conda-forge/osx-64/libffi-3.4.6-h281671d_0.conda
  hash:
    md5: b8667b0d0400b8dcb6844d8e06b2027d
    sha256: 7805fdc536a3da7fb63dc48e040105cd4260c69a1d2bf5804dadd31bde8bab51
  category: main
  optional: false
- name: libffi
  version: 3.4.2
  manager: conda
  platform: osx-arm64
  dependencies: {}
  url: https://conda.anaconda.org/conda-forge/osx-arm64/libffi-3.4.2-h3422bc3_5.tar.bz2
  hash:
    md5: 086914b672be056eb70fd4285b6783b6
    sha256: 41b3d13efb775e340e4dba549ab5c029611ea6918703096b2eaa9c015c0750ca
  category: main
  optional: false
- name: libffi
  version: 3.4.6
  manager: conda
  platform: win-64
  dependencies:
    ucrt: '>=10.0.20348.0'
    vc: '>=14.2,<15'
    vc14_runtime: '>=14.29.30139'
  url: https://conda.anaconda.org/conda-forge/win-64/libffi-3.4.6-h537db12_0.conda
  hash:
    md5: 31d5107f75b2f204937728417e2e39e5
    sha256: 77922d8dd2faf88ac6accaeebf06409d1820486fde710cff6b554d12273e46be
  category: main
  optional: false
- name: libgcc
  version: 14.2.0
  manager: conda
  platform: linux-64
  dependencies:
    __glibc: '>=2.17,<3.0.a0'
    _openmp_mutex: '>=4.5'
  url: https://conda.anaconda.org/conda-forge/linux-64/libgcc-14.2.0-h767d61c_2.conda
  hash:
    md5: ef504d1acbd74b7cc6849ef8af47dd03
    sha256: 3a572d031cb86deb541d15c1875aaa097baefc0c580b54dc61f5edab99215792
  category: main
  optional: false
- name: libgcc
  version: 14.2.0
  manager: conda
  platform: linux-aarch64
  dependencies:
    _openmp_mutex: '>=4.5'
  url: https://conda.anaconda.org/conda-forge/linux-aarch64/libgcc-14.2.0-he277a41_2.conda
  hash:
    md5: 6b4268a60b10f29257b51b9b67ff8d76
    sha256: a57f7f9ba2a12f56eafdcd25b6d75f7be10b8fc1a802a58b76a77ca8c66f4503
  category: main
  optional: false
- name: libgcc-ng
  version: 14.2.0
  manager: conda
  platform: linux-64
  dependencies:
    libgcc: 14.2.0
  url: https://conda.anaconda.org/conda-forge/linux-64/libgcc-ng-14.2.0-h69a702a_2.conda
  hash:
    md5: a2222a6ada71fb478682efe483ce0f92
    sha256: fb7558c328b38b2f9d2e412c48da7890e7721ba018d733ebdfea57280df01904
  category: main
  optional: false
- name: libgcc-ng
  version: 14.2.0
  manager: conda
  platform: linux-aarch64
  dependencies:
    libgcc: 14.2.0
  url: https://conda.anaconda.org/conda-forge/linux-aarch64/libgcc-ng-14.2.0-he9431aa_2.conda
  hash:
    md5: 692c2bb75f32cfafb6799cf6d1c5d0e0
    sha256: 9647f75cddc18b07eebe6e1f21500eed50a6af2c43c84e831b4c7a597e10d226
  category: main
  optional: false
- name: libgomp
  version: 14.2.0
  manager: conda
  platform: linux-64
  dependencies:
    __glibc: '>=2.17,<3.0.a0'
  url: https://conda.anaconda.org/conda-forge/linux-64/libgomp-14.2.0-h767d61c_2.conda
  hash:
    md5: 06d02030237f4d5b3d9a7e7d348fe3c6
    sha256: 1a3130e0b9267e781b89399580f3163632d59fe5b0142900d63052ab1a53490e
  category: main
  optional: false
- name: libgomp
  version: 14.2.0
  manager: conda
  platform: linux-aarch64
  dependencies: {}
  url: https://conda.anaconda.org/conda-forge/linux-aarch64/libgomp-14.2.0-he277a41_2.conda
  hash:
    md5: b11c09d9463daf4cae492d29806b1889
    sha256: 4e303711fb7413bf98995beac58e731073099d7a669a3b81e49330ca8da05174
  category: main
  optional: false
- name: liblzma
  version: 5.6.4
  manager: conda
  platform: linux-64
  dependencies:
    __glibc: '>=2.17,<3.0.a0'
    libgcc: '>=13'
  url: https://conda.anaconda.org/conda-forge/linux-64/liblzma-5.6.4-hb9d3cd8_0.conda
  hash:
    md5: 42d5b6a0f30d3c10cd88cb8584fda1cb
    sha256: cad52e10319ca4585bc37f0bc7cce99ec7c15dc9168e42ccb96b741b0a27db3f
  category: main
  optional: false
- name: liblzma
  version: 5.6.4
  manager: conda
  platform: linux-aarch64
  dependencies:
    libgcc: '>=13'
  url: https://conda.anaconda.org/conda-forge/linux-aarch64/liblzma-5.6.4-h86ecc28_0.conda
  hash:
    md5: b88244e0a115cc34f7fbca9b11248e76
    sha256: 96413664f0fade54a4931940d18749cfc8e6308349dbb0cb83adb2394ca1f730
  category: main
  optional: false
- name: liblzma
  version: 5.6.4
  manager: conda
  platform: osx-64
  dependencies:
    __osx: '>=10.13'
  url: https://conda.anaconda.org/conda-forge/osx-64/liblzma-5.6.4-hd471939_0.conda
  hash:
    md5: db9d7b0152613f097cdb61ccf9f70ef5
    sha256: a895b5b16468a6ed436f022d72ee52a657f9b58214b91fabfab6230e3592a6dd
  category: main
  optional: false
- name: liblzma
  version: 5.6.4
  manager: conda
  platform: osx-arm64
  dependencies:
    __osx: '>=11.0'
  url: https://conda.anaconda.org/conda-forge/osx-arm64/liblzma-5.6.4-h39f12f2_0.conda
  hash:
    md5: e3fd1f8320a100f2b210e690a57cd615
    sha256: 560c59d3834cc652a84fb45531bd335ad06e271b34ebc216e380a89798fe8e2c
  category: main
  optional: false
- name: liblzma
  version: 5.6.4
  manager: conda
  platform: win-64
  dependencies:
    ucrt: '>=10.0.20348.0'
    vc: '>=14.2,<15'
    vc14_runtime: '>=14.29.30139'
  url: https://conda.anaconda.org/conda-forge/win-64/liblzma-5.6.4-h2466b09_0.conda
  hash:
    md5: c48f6ad0ef0a555b27b233dfcab46a90
    sha256: 3f552b0bdefdd1459ffc827ea3bf70a6a6920c7879d22b6bfd0d73015b55227b
  category: main
  optional: false
- name: libnsl
  version: 2.0.1
  manager: conda
  platform: linux-64
  dependencies:
    libgcc-ng: '>=12'
  url: https://conda.anaconda.org/conda-forge/linux-64/libnsl-2.0.1-hd590300_0.conda
  hash:
    md5: 30fd6e37fe21f86f4bd26d6ee73eeec7
    sha256: 26d77a3bb4dceeedc2a41bd688564fe71bf2d149fdcf117049970bc02ff1add6
  category: main
  optional: false
- name: libnsl
  version: 2.0.1
  manager: conda
  platform: linux-aarch64
  dependencies:
    libgcc-ng: '>=12'
  url: https://conda.anaconda.org/conda-forge/linux-aarch64/libnsl-2.0.1-h31becfc_0.conda
  hash:
    md5: c14f32510f694e3185704d89967ec422
    sha256: fd18c2b75d7411096428d36a70b36b1a17e31f7b8956b6905d145792d49e97f8
  category: main
  optional: false
- name: libsqlite
  version: 3.49.1
  manager: conda
  platform: linux-64
  dependencies:
    __glibc: '>=2.17,<3.0.a0'
    libgcc: '>=13'
    libzlib: '>=1.3.1,<2.0a0'
  url: https://conda.anaconda.org/conda-forge/linux-64/libsqlite-3.49.1-hee588c1_1.conda
  hash:
    md5: 73cea06049cc4174578b432320a003b8
    sha256: 7a09eef804ef7cf4d88215c2297eabb72af8ad0bd5b012060111c289f14bbe7d
  category: main
  optional: false
- name: libsqlite
  version: 3.49.1
  manager: conda
  platform: linux-aarch64
  dependencies:
    libgcc: '>=13'
    libzlib: '>=1.3.1,<2.0a0'
  url: https://conda.anaconda.org/conda-forge/linux-aarch64/libsqlite-3.49.1-h5eb1b54_1.conda
  hash:
    md5: 150d64241fa27d9d35a7f421ca968a6c
    sha256: 920fb3b7d3b873babf79a3e392cc82d43b8bd02a573ccaff34219efb5cf7b51e
  category: main
  optional: false
- name: libsqlite
  version: 3.49.1
  manager: conda
  platform: osx-64
  dependencies:
    __osx: '>=10.13'
    libzlib: '>=1.3.1,<2.0a0'
  url: https://conda.anaconda.org/conda-forge/osx-64/libsqlite-3.49.1-hdb6dae5_1.conda
  hash:
    md5: 7958168c20fbbc5014e1fbda868ed700
    sha256: 859e5f1a39e320b3575b98b7a80ab7c62b337465b12b181c8bbe305fecc9430b
  category: main
  optional: false
- name: libsqlite
  version: 3.49.1
  manager: conda
  platform: osx-arm64
  dependencies:
    __osx: '>=11.0'
    libzlib: '>=1.3.1,<2.0a0'
  url: https://conda.anaconda.org/conda-forge/osx-arm64/libsqlite-3.49.1-h3f77e49_1.conda
  hash:
    md5: c83357a21092bd952933c36c5cb4f4d6
    sha256: 266639fb10ca92287961574b0b4d6031fa40dd9d723d64a0fcb08513a24dab03
  category: main
  optional: false
- name: libsqlite
  version: 3.49.1
  manager: conda
  platform: win-64
  dependencies:
    ucrt: '>=10.0.20348.0'
    vc: '>=14.2,<15'
    vc14_runtime: '>=14.29.30139'
  url: https://conda.anaconda.org/conda-forge/win-64/libsqlite-3.49.1-h67fdade_1.conda
  hash:
    md5: 88931435901c1f13d4e3a472c24965aa
    sha256: 08669790e4de89201079e93e8a8d8c51a3cd57a19dd559bb0d5bc6c9a7970b99
  category: main
  optional: false
- name: libuuid
  version: 2.38.1
  manager: conda
  platform: linux-64
  dependencies:
    libgcc-ng: '>=12'
  url: https://conda.anaconda.org/conda-forge/linux-64/libuuid-2.38.1-h0b41bf4_0.conda
  hash:
    md5: 40b61aab5c7ba9ff276c41cfffe6b80b
    sha256: 787eb542f055a2b3de553614b25f09eefb0a0931b0c87dbcce6efdfd92f04f18
  category: main
  optional: false
- name: libuuid
  version: 2.38.1
  manager: conda
  platform: linux-aarch64
  dependencies:
    libgcc-ng: '>=12'
  url: https://conda.anaconda.org/conda-forge/linux-aarch64/libuuid-2.38.1-hb4cce97_0.conda
  hash:
    md5: 000e30b09db0b7c775b21695dff30969
    sha256: 616277b0c5f7616c2cdf36f6c316ea3f9aa5bb35f2d4476a349ab58b9b91675f
  category: main
  optional: false
- name: libxcrypt
  version: 4.4.36
  manager: conda
  platform: linux-64
  dependencies:
    libgcc-ng: '>=12'
  url: https://conda.anaconda.org/conda-forge/linux-64/libxcrypt-4.4.36-hd590300_1.conda
  hash:
    md5: 5aa797f8787fe7a17d1b0821485b5adc
    sha256: 6ae68e0b86423ef188196fff6207ed0c8195dd84273cb5623b85aa08033a410c
  category: main
  optional: false
- name: libxcrypt
  version: 4.4.36
  manager: conda
  platform: linux-aarch64
  dependencies:
    libgcc-ng: '>=12'
  url: https://conda.anaconda.org/conda-forge/linux-aarch64/libxcrypt-4.4.36-h31becfc_1.conda
  hash:
    md5: b4df5d7d4b63579d081fd3a4cf99740e
    sha256: 6b46c397644091b8a26a3048636d10b989b1bf266d4be5e9474bf763f828f41f
  category: main
  optional: false
- name: libzlib
  version: 1.3.1
  manager: conda
  platform: linux-64
  dependencies:
    __glibc: '>=2.17,<3.0.a0'
    libgcc: '>=13'
  url: https://conda.anaconda.org/conda-forge/linux-64/libzlib-1.3.1-hb9d3cd8_2.conda
  hash:
    md5: edb0dca6bc32e4f4789199455a1dbeb8
    sha256: d4bfe88d7cb447768e31650f06257995601f89076080e76df55e3112d4e47dc4
  category: main
  optional: false
- name: libzlib
  version: 1.3.1
  manager: conda
  platform: linux-aarch64
  dependencies:
    libgcc: '>=13'
  url: https://conda.anaconda.org/conda-forge/linux-aarch64/libzlib-1.3.1-h86ecc28_2.conda
  hash:
    md5: 08aad7cbe9f5a6b460d0976076b6ae64
    sha256: 5a2c1eeef69342e88a98d1d95bff1603727ab1ff4ee0e421522acd8813439b84
  category: main
  optional: false
- name: libzlib
  version: 1.3.1
  manager: conda
  platform: osx-64
  dependencies:
    __osx: '>=10.13'
  url: https://conda.anaconda.org/conda-forge/osx-64/libzlib-1.3.1-hd23fc13_2.conda
  hash:
    md5: 003a54a4e32b02f7355b50a837e699da
    sha256: 8412f96504fc5993a63edf1e211d042a1fd5b1d51dedec755d2058948fcced09
  category: main
  optional: false
- name: libzlib
  version: 1.3.1
  manager: conda
  platform: osx-arm64
  dependencies:
    __osx: '>=11.0'
  url: https://conda.anaconda.org/conda-forge/osx-arm64/libzlib-1.3.1-h8359307_2.conda
  hash:
    md5: 369964e85dc26bfe78f41399b366c435
    sha256: ce34669eadaba351cd54910743e6a2261b67009624dbc7daeeafdef93616711b
  category: main
  optional: false
- name: libzlib
  version: 1.3.1
  manager: conda
  platform: win-64
  dependencies:
    ucrt: '>=10.0.20348.0'
    vc: '>=14.2,<15'
    vc14_runtime: '>=14.29.30139'
  url: https://conda.anaconda.org/conda-forge/win-64/libzlib-1.3.1-h2466b09_2.conda
  hash:
    md5: 41fbfac52c601159df6c01f875de31b9
    sha256: ba945c6493449bed0e6e29883c4943817f7c79cbff52b83360f7b341277c6402
  category: main
  optional: false
- name: ncurses
  version: '6.5'
  manager: conda
  platform: linux-64
  dependencies:
    __glibc: '>=2.17,<3.0.a0'
    libgcc: '>=13'
  url: https://conda.anaconda.org/conda-forge/linux-64/ncurses-6.5-h2d0b736_3.conda
  hash:
    md5: 47e340acb35de30501a76c7c799c41d7
    sha256: 3fde293232fa3fca98635e1167de6b7c7fda83caf24b9d6c91ec9eefb4f4d586
  category: main
  optional: false
- name: ncurses
  version: '6.5'
  manager: conda
  platform: linux-aarch64
  dependencies:
    libgcc: '>=13'
  url: https://conda.anaconda.org/conda-forge/linux-aarch64/ncurses-6.5-ha32ae93_3.conda
  hash:
    md5: 182afabe009dc78d8b73100255ee6868
    sha256: 91cfb655a68b0353b2833521dc919188db3d8a7f4c64bea2c6a7557b24747468
  category: main
  optional: false
- name: ncurses
  version: '6.5'
  manager: conda
  platform: osx-64
  dependencies:
    __osx: '>=10.13'
  url: https://conda.anaconda.org/conda-forge/osx-64/ncurses-6.5-h0622a9a_3.conda
  hash:
    md5: ced34dd9929f491ca6dab6a2927aff25
    sha256: ea4a5d27ded18443749aefa49dc79f6356da8506d508b5296f60b8d51e0c4bd9
  category: main
  optional: false
- name: ncurses
  version: '6.5'
  manager: conda
  platform: osx-arm64
  dependencies:
    __osx: '>=11.0'
  url: https://conda.anaconda.org/conda-forge/osx-arm64/ncurses-6.5-h5e97a16_3.conda
  hash:
    md5: 068d497125e4bf8a66bf707254fff5ae
    sha256: 2827ada40e8d9ca69a153a45f7fd14f32b2ead7045d3bbb5d10964898fe65733
  category: main
  optional: false
- name: openssl
  version: 3.4.1
  manager: conda
  platform: linux-64
  dependencies:
    __glibc: '>=2.17,<3.0.a0'
    ca-certificates: ''
    libgcc: '>=13'
  url: https://conda.anaconda.org/conda-forge/linux-64/openssl-3.4.1-h7b32b05_0.conda
  hash:
    md5: 41adf927e746dc75ecf0ef841c454e48
    sha256: cbf62df3c79a5c2d113247ddea5658e9ff3697b6e741c210656e239ecaf1768f
  category: main
  optional: false
- name: openssl
  version: 3.4.1
  manager: conda
  platform: linux-aarch64
  dependencies:
    ca-certificates: ''
    libgcc: '>=13'
  url: https://conda.anaconda.org/conda-forge/linux-aarch64/openssl-3.4.1-hd08dc88_0.conda
  hash:
    md5: 09036190605c57eaecf01218e0e9542d
    sha256: d80b52b56b2206053968270069616868cbeb289ef855cf1584b1bb0fef61b37c
  category: main
  optional: false
- name: openssl
  version: 3.4.1
  manager: conda
  platform: osx-64
  dependencies:
    __osx: '>=10.13'
    ca-certificates: ''
  url: https://conda.anaconda.org/conda-forge/osx-64/openssl-3.4.1-hc426f3f_0.conda
  hash:
    md5: a7d63f8e7ab23f71327ea6d27e2d5eae
    sha256: 505a46671dab5d66df8e684f99a9ae735a607816b12810b572d63caa512224df
  category: main
  optional: false
- name: openssl
  version: 3.4.1
  manager: conda
  platform: osx-arm64
  dependencies:
    __osx: '>=11.0'
    ca-certificates: ''
  url: https://conda.anaconda.org/conda-forge/osx-arm64/openssl-3.4.1-h81ee809_0.conda
  hash:
    md5: 75f9f0c7b1740017e2db83a53ab9a28e
    sha256: 4f8e2389e1b711b44182a075516d02c80fa7a3a7e25a71ff1b5ace9eae57a17a
  category: main
  optional: false
- name: openssl
  version: 3.4.1
  manager: conda
  platform: win-64
  dependencies:
    ca-certificates: ''
    ucrt: '>=10.0.20348.0'
    vc: '>=14.2,<15'
    vc14_runtime: '>=14.29.30139'
  url: https://conda.anaconda.org/conda-forge/win-64/openssl-3.4.1-ha4e3fda_0.conda
  hash:
    md5: 0730f8094f7088592594f9bf3ae62b3f
    sha256: 56dcc2b4430bfc1724e32661c34b71ae33a23a14149866fc5645361cfd3b3a6a
  category: main
  optional: false
- name: pip
  version: 25.0.1
  manager: conda
  platform: linux-64
  dependencies:
    python: '>=3.9,<3.13.0a0'
    setuptools: ''
    wheel: ''
  url: https://conda.anaconda.org/conda-forge/noarch/pip-25.0.1-pyh8b19718_0.conda
  hash:
    md5: 79b5c1440aedc5010f687048d9103628
    sha256: 585940f09d87787f79f73ff5dff8eb2af8a67e5bec5eebf2f553cd26c840ba69
  category: main
  optional: false
- name: pip
  version: 25.0.1
  manager: conda
  platform: linux-aarch64
  dependencies:
    python: '>=3.9,<3.13.0a0'
    setuptools: ''
    wheel: ''
  url: https://conda.anaconda.org/conda-forge/noarch/pip-25.0.1-pyh8b19718_0.conda
  hash:
    md5: 79b5c1440aedc5010f687048d9103628
    sha256: 585940f09d87787f79f73ff5dff8eb2af8a67e5bec5eebf2f553cd26c840ba69
  category: main
  optional: false
- name: pip
  version: 25.0.1
  manager: conda
  platform: osx-64
  dependencies:
    python: '>=3.9,<3.13.0a0'
    setuptools: ''
    wheel: ''
  url: https://conda.anaconda.org/conda-forge/noarch/pip-25.0.1-pyh8b19718_0.conda
  hash:
    md5: 79b5c1440aedc5010f687048d9103628
    sha256: 585940f09d87787f79f73ff5dff8eb2af8a67e5bec5eebf2f553cd26c840ba69
  category: main
  optional: false
- name: pip
  version: 25.0.1
  manager: conda
  platform: osx-arm64
  dependencies:
    python: '>=3.9,<3.13.0a0'
    setuptools: ''
    wheel: ''
  url: https://conda.anaconda.org/conda-forge/noarch/pip-25.0.1-pyh8b19718_0.conda
  hash:
    md5: 79b5c1440aedc5010f687048d9103628
    sha256: 585940f09d87787f79f73ff5dff8eb2af8a67e5bec5eebf2f553cd26c840ba69
  category: main
  optional: false
- name: pip
  version: 25.0.1
  manager: conda
  platform: win-64
  dependencies:
    python: '>=3.9,<3.13.0a0'
    setuptools: ''
    wheel: ''
  url: https://conda.anaconda.org/conda-forge/noarch/pip-25.0.1-pyh8b19718_0.conda
  hash:
    md5: 79b5c1440aedc5010f687048d9103628
    sha256: 585940f09d87787f79f73ff5dff8eb2af8a67e5bec5eebf2f553cd26c840ba69
  category: main
  optional: false
- name: python
  version: 3.11.11
  manager: conda
  platform: linux-64
  dependencies:
    __glibc: '>=2.17,<3.0.a0'
    bzip2: '>=1.0.8,<2.0a0'
    ld_impl_linux-64: '>=2.36.1'
    libexpat: '>=2.6.4,<3.0a0'
    libffi: '>=3.4,<4.0a0'
    libgcc: '>=13'
    liblzma: '>=5.6.4,<6.0a0'
    libnsl: '>=2.0.1,<2.1.0a0'
    libsqlite: '>=3.49.1,<4.0a0'
    libuuid: '>=2.38.1,<3.0a0'
    libxcrypt: '>=4.4.36'
    libzlib: '>=1.3.1,<2.0a0'
    ncurses: '>=6.5,<7.0a0'
    openssl: '>=3.4.1,<4.0a0'
    readline: '>=8.2,<9.0a0'
    tk: '>=8.6.13,<8.7.0a0'
    tzdata: ''
  url: https://conda.anaconda.org/conda-forge/linux-64/python-3.11.11-h9e4cc4f_2_cpython.conda
  hash:
    md5: 81dd3e521f9b9eaa58d06213e28aaa9b
    sha256: e0be7ad95a034d10e021f15317bf5c70fc1161564fa47844984c245505cde36c
  category: main
  optional: false
- name: python
  version: 3.11.11
  manager: conda
  platform: linux-aarch64
  dependencies:
    bzip2: '>=1.0.8,<2.0a0'
    ld_impl_linux-aarch64: '>=2.36.1'
    libexpat: '>=2.6.4,<3.0a0'
    libffi: '>=3.4,<4.0a0'
    libgcc: '>=13'
    liblzma: '>=5.6.4,<6.0a0'
    libnsl: '>=2.0.1,<2.1.0a0'
    libsqlite: '>=3.49.1,<4.0a0'
    libuuid: '>=2.38.1,<3.0a0'
    libxcrypt: '>=4.4.36'
    libzlib: '>=1.3.1,<2.0a0'
    ncurses: '>=6.5,<7.0a0'
    openssl: '>=3.4.1,<4.0a0'
    readline: '>=8.2,<9.0a0'
    tk: '>=8.6.13,<8.7.0a0'
    tzdata: ''
  url: https://conda.anaconda.org/conda-forge/linux-aarch64/python-3.11.11-h1683364_2_cpython.conda
  hash:
    md5: c5b520ba534c31691853f351225c5060
    sha256: 94ff790b2958d45b442d02d6c01fec738a2622fbc59b3b79b4e4e83ae0a0be6f
  category: main
  optional: false
- name: python
  version: 3.11.11
  manager: conda
  platform: osx-64
  dependencies:
    __osx: '>=10.13'
    bzip2: '>=1.0.8,<2.0a0'
    libexpat: '>=2.6.4,<3.0a0'
    libffi: '>=3.4,<4.0a0'
    liblzma: '>=5.6.4,<6.0a0'
    libsqlite: '>=3.49.1,<4.0a0'
    libzlib: '>=1.3.1,<2.0a0'
    ncurses: '>=6.5,<7.0a0'
    openssl: '>=3.4.1,<4.0a0'
    readline: '>=8.2,<9.0a0'
    tk: '>=8.6.13,<8.7.0a0'
    tzdata: ''
  url: https://conda.anaconda.org/conda-forge/osx-64/python-3.11.11-h9ccd52b_2_cpython.conda
  hash:
    md5: 8d73135b48597cc13715a34bc79654b7
    sha256: 2c34d988cdb364665478ca3d93a43b2a5bf149e822215ad3fa6a5342627374a9
  category: main
  optional: false
- name: python
  version: 3.11.11
  manager: conda
  platform: osx-arm64
  dependencies:
    __osx: '>=11.0'
    bzip2: '>=1.0.8,<2.0a0'
    libexpat: '>=2.6.4,<3.0a0'
    libffi: '>=3.4,<4.0a0'
    liblzma: '>=5.6.4,<6.0a0'
    libsqlite: '>=3.49.1,<4.0a0'
    libzlib: '>=1.3.1,<2.0a0'
    ncurses: '>=6.5,<7.0a0'
    openssl: '>=3.4.1,<4.0a0'
    readline: '>=8.2,<9.0a0'
    tk: '>=8.6.13,<8.7.0a0'
    tzdata: ''
  url: https://conda.anaconda.org/conda-forge/osx-arm64/python-3.11.11-hc22306f_2_cpython.conda
  hash:
    md5: 4bd51247ba4dd5958eb8f1e593edfe00
    sha256: 6f3c20b8666301fc27e6d1095f1e0f12a093bacf483e992cb56169127e989630
  category: main
  optional: false
- name: python
  version: 3.11.11
  manager: conda
  platform: win-64
  dependencies:
    bzip2: '>=1.0.8,<2.0a0'
    libexpat: '>=2.6.4,<3.0a0'
    libffi: '>=3.4,<4.0a0'
    liblzma: '>=5.6.4,<6.0a0'
    libsqlite: '>=3.49.1,<4.0a0'
    libzlib: '>=1.3.1,<2.0a0'
    openssl: '>=3.4.1,<4.0a0'
    tk: '>=8.6.13,<8.7.0a0'
    tzdata: ''
    ucrt: '>=10.0.20348.0'
    vc: '>=14.2,<15'
    vc14_runtime: '>=14.29.30139'
  url: https://conda.anaconda.org/conda-forge/win-64/python-3.11.11-h3f84c4b_2_cpython.conda
  hash:
    md5: 8959f363205d55bb6ada26bdfd6ce8c7
    sha256: d9a31998083225dcbef7c10cf0d379b1f64176cf1d0f8ad7f29941d2eb293d25
  category: main
  optional: false
- name: readline
  version: '8.2'
  manager: conda
  platform: linux-64
  dependencies:
    libgcc: '>=13'
    ncurses: '>=6.5,<7.0a0'
  url: https://conda.anaconda.org/conda-forge/linux-64/readline-8.2-h8c095d6_2.conda
  hash:
    md5: 283b96675859b20a825f8fa30f311446
    sha256: 2d6d0c026902561ed77cd646b5021aef2d4db22e57a5b0178dfc669231e06d2c
  category: main
  optional: false
- name: readline
  version: '8.2'
  manager: conda
  platform: linux-aarch64
  dependencies:
    libgcc: '>=13'
    ncurses: '>=6.5,<7.0a0'
  url: https://conda.anaconda.org/conda-forge/linux-aarch64/readline-8.2-h8382b9d_2.conda
  hash:
    md5: c0f08fc2737967edde1a272d4bf41ed9
    sha256: 54bed3a3041befaa9f5acde4a37b1a02f44705b7796689574bcf9d7beaad2959
  category: main
  optional: false
- name: readline
  version: '8.2'
  manager: conda
  platform: osx-64
  dependencies:
    ncurses: '>=6.5,<7.0a0'
  url: https://conda.anaconda.org/conda-forge/osx-64/readline-8.2-h7cca4af_2.conda
  hash:
    md5: 342570f8e02f2f022147a7f841475784
    sha256: 53017e80453c4c1d97aaf78369040418dea14cf8f46a2fa999f31bd70b36c877
  category: main
  optional: false
- name: readline
  version: '8.2'
  manager: conda
  platform: osx-arm64
  dependencies:
    ncurses: '>=6.5,<7.0a0'
  url: https://conda.anaconda.org/conda-forge/osx-arm64/readline-8.2-h1d1bf99_2.conda
  hash:
    md5: 63ef3f6e6d6d5c589e64f11263dc5676
    sha256: 7db04684d3904f6151eff8673270922d31da1eea7fa73254d01c437f49702e34
  category: main
  optional: false
- name: setuptools
  version: 75.8.2
  manager: conda
  platform: linux-64
  dependencies:
    python: '>=3.9'
  url: https://conda.anaconda.org/conda-forge/noarch/setuptools-75.8.2-pyhff2d567_0.conda
  hash:
    md5: 9bddfdbf4e061821a1a443f93223be61
    sha256: 91d664ace7c22e787775069418daa9f232ee8bafdd0a6a080a5ed2395a6fa6b2
  category: main
  optional: false
- name: setuptools
  version: 75.8.2
  manager: conda
  platform: linux-aarch64
  dependencies:
    python: '>=3.9'
  url: https://conda.anaconda.org/conda-forge/noarch/setuptools-75.8.2-pyhff2d567_0.conda
  hash:
    md5: 9bddfdbf4e061821a1a443f93223be61
    sha256: 91d664ace7c22e787775069418daa9f232ee8bafdd0a6a080a5ed2395a6fa6b2
  category: main
  optional: false
- name: setuptools
  version: 75.8.2
  manager: conda
  platform: osx-64
  dependencies:
    python: '>=3.9'
  url: https://conda.anaconda.org/conda-forge/noarch/setuptools-75.8.2-pyhff2d567_0.conda
  hash:
    md5: 9bddfdbf4e061821a1a443f93223be61
    sha256: 91d664ace7c22e787775069418daa9f232ee8bafdd0a6a080a5ed2395a6fa6b2
  category: main
  optional: false
- name: setuptools
  version: 75.8.2
  manager: conda
  platform: osx-arm64
  dependencies:
    python: '>=3.9'
  url: https://conda.anaconda.org/conda-forge/noarch/setuptools-75.8.2-pyhff2d567_0.conda
  hash:
    md5: 9bddfdbf4e061821a1a443f93223be61
    sha256: 91d664ace7c22e787775069418daa9f232ee8bafdd0a6a080a5ed2395a6fa6b2
  category: main
  optional: false
- name: setuptools
  version: 75.8.2
  manager: conda
  platform: win-64
  dependencies:
    python: '>=3.9'
  url: https://conda.anaconda.org/conda-forge/noarch/setuptools-75.8.2-pyhff2d567_0.conda
  hash:
    md5: 9bddfdbf4e061821a1a443f93223be61
    sha256: 91d664ace7c22e787775069418daa9f232ee8bafdd0a6a080a5ed2395a6fa6b2
  category: main
  optional: false
- name: tk
  version: 8.6.13
  manager: conda
  platform: linux-64
  dependencies:
    libgcc-ng: '>=12'
    libzlib: '>=1.2.13,<2.0.0a0'
  url: https://conda.anaconda.org/conda-forge/linux-64/tk-8.6.13-noxft_h4845f30_101.conda
  hash:
    md5: d453b98d9c83e71da0741bb0ff4d76bc
    sha256: e0569c9caa68bf476bead1bed3d79650bb080b532c64a4af7d8ca286c08dea4e
  category: main
  optional: false
- name: tk
  version: 8.6.13
  manager: conda
  platform: linux-aarch64
  dependencies:
    libgcc-ng: '>=12'
    libzlib: '>=1.2.13,<2.0.0a0'
  url: https://conda.anaconda.org/conda-forge/linux-aarch64/tk-8.6.13-h194ca79_0.conda
  hash:
    md5: f75105e0585851f818e0009dd1dde4dc
    sha256: 7fa27cc512d3a783f38bd16bbbffc008807372499d5b65d089a8e43bde9db267
  category: main
  optional: false
- name: tk
  version: 8.6.13
  manager: conda
  platform: osx-64
  dependencies:
    libzlib: '>=1.2.13,<2.0.0a0'
  url: https://conda.anaconda.org/conda-forge/osx-64/tk-8.6.13-h1abcd95_1.conda
  hash:
    md5: bf830ba5afc507c6232d4ef0fb1a882d
    sha256: 30412b2e9de4ff82d8c2a7e5d06a15f4f4fef1809a72138b6ccb53a33b26faf5
  category: main
  optional: false
- name: tk
  version: 8.6.13
  manager: conda
  platform: osx-arm64
  dependencies:
    libzlib: '>=1.2.13,<2.0.0a0'
  url: https://conda.anaconda.org/conda-forge/osx-arm64/tk-8.6.13-h5083fa2_1.conda
  hash:
    md5: b50a57ba89c32b62428b71a875291c9b
    sha256: 72457ad031b4c048e5891f3f6cb27a53cb479db68a52d965f796910e71a403a8
  category: main
  optional: false
- name: tk
  version: 8.6.13
  manager: conda
  platform: win-64
  dependencies:
    ucrt: '>=10.0.20348.0'
    vc: '>=14.2,<15'
    vc14_runtime: '>=14.29.30139'
  url: https://conda.anaconda.org/conda-forge/win-64/tk-8.6.13-h5226925_1.conda
  hash:
    md5: fc048363eb8f03cd1737600a5d08aafe
    sha256: 2c4e914f521ccb2718946645108c9bd3fc3216ba69aea20c2c3cedbd8db32bb1
  category: main
  optional: false
- name: tzdata
  version: 2025a
  manager: conda
  platform: linux-64
  dependencies: {}
  url: https://conda.anaconda.org/conda-forge/noarch/tzdata-2025a-h78e105d_0.conda
  hash:
    md5: dbcace4706afdfb7eb891f7b37d07c04
    sha256: c4b1ae8a2931fe9b274c44af29c5475a85b37693999f8c792dad0f8c6734b1de
  category: main
  optional: false
- name: tzdata
  version: 2025a
  manager: conda
  platform: linux-aarch64
  dependencies: {}
  url: https://conda.anaconda.org/conda-forge/noarch/tzdata-2025a-h78e105d_0.conda
  hash:
    md5: dbcace4706afdfb7eb891f7b37d07c04
    sha256: c4b1ae8a2931fe9b274c44af29c5475a85b37693999f8c792dad0f8c6734b1de
  category: main
  optional: false
- name: tzdata
  version: 2025a
  manager: conda
  platform: osx-64
  dependencies: {}
  url: https://conda.anaconda.org/conda-forge/noarch/tzdata-2025a-h78e105d_0.conda
  hash:
    md5: dbcace4706afdfb7eb891f7b37d07c04
    sha256: c4b1ae8a2931fe9b274c44af29c5475a85b37693999f8c792dad0f8c6734b1de
  category: main
  optional: false
- name: tzdata
  version: 2025a
  manager: conda
  platform: osx-arm64
  dependencies: {}
  url: https://conda.anaconda.org/conda-forge/noarch/tzdata-2025a-h78e105d_0.conda
  hash:
    md5: dbcace4706afdfb7eb891f7b37d07c04
    sha256: c4b1ae8a2931fe9b274c44af29c5475a85b37693999f8c792dad0f8c6734b1de
  category: main
  optional: false
- name: tzdata
  version: 2025a
  manager: conda
  platform: win-64
  dependencies: {}
  url: https://conda.anaconda.org/conda-forge/noarch/tzdata-2025a-h78e105d_0.conda
  hash:
    md5: dbcace4706afdfb7eb891f7b37d07c04
    sha256: c4b1ae8a2931fe9b274c44af29c5475a85b37693999f8c792dad0f8c6734b1de
  category: main
  optional: false
- name: ucrt
  version: 10.0.22621.0
  manager: conda
  platform: win-64
  dependencies: {}
  url: https://conda.anaconda.org/conda-forge/win-64/ucrt-10.0.22621.0-h57928b3_1.conda
  hash:
    md5: 6797b005cd0f439c4c5c9ac565783700
    sha256: db8dead3dd30fb1a032737554ce91e2819b43496a0db09927edf01c32b577450
  category: main
  optional: false
- name: vc
  version: '14.3'
  manager: conda
  platform: win-64
  dependencies:
    vc14_runtime: '>=14.42.34438'
  url: https://conda.anaconda.org/conda-forge/win-64/vc-14.3-hbf610ac_24.conda
  hash:
    md5: 9098c5cfb418fc0b0204bf2efc1e9afa
    sha256: 8ef83b62f9f0b885882d0dd41cbe47c2308f7ac0537fd508a5bbe6d3953a176e
  category: main
  optional: false
- name: vc14_runtime
  version: 14.42.34438
  manager: conda
  platform: win-64
  dependencies:
    ucrt: '>=10.0.20348.0'
  url: https://conda.anaconda.org/conda-forge/win-64/vc14_runtime-14.42.34438-hfd919c2_24.conda
  hash:
    md5: 5fceb7d965d59955888d9a9732719aa8
    sha256: fb36814355ac12dcb4a55b75b5ef0d49ec219ad9df30d7955f2ace88bd6919c4
  category: main
  optional: false
- name: wheel
  version: 0.45.1
  manager: conda
  platform: linux-64
  dependencies:
    python: '>=3.9'
  url: https://conda.anaconda.org/conda-forge/noarch/wheel-0.45.1-pyhd8ed1ab_1.conda
  hash:
    md5: 75cb7132eb58d97896e173ef12ac9986
    sha256: 1b34021e815ff89a4d902d879c3bd2040bc1bd6169b32e9427497fa05c55f1ce
  category: main
  optional: false
- name: wheel
  version: 0.45.1
  manager: conda
  platform: linux-aarch64
  dependencies:
    python: '>=3.9'
  url: https://conda.anaconda.org/conda-forge/noarch/wheel-0.45.1-pyhd8ed1ab_1.conda
  hash:
    md5: 75cb7132eb58d97896e173ef12ac9986
    sha256: 1b34021e815ff89a4d902d879c3bd2040bc1bd6169b32e9427497fa05c55f1ce
  category: main
  optional: false
- name: wheel
  version: 0.45.1
  manager: conda
  platform: osx-64
  dependencies:
    python: '>=3.9'
  url: https://conda.anaconda.org/conda-forge/noarch/wheel-0.45.1-pyhd8ed1ab_1.conda
  hash:
    md5: 75cb7132eb58d97896e173ef12ac9986
    sha256: 1b34021e815ff89a4d902d879c3bd2040bc1bd6169b32e9427497fa05c55f1ce
  category: main
  optional: false
- name: wheel
  version: 0.45.1
  manager: conda
  platform: osx-arm64
  dependencies:
    python: '>=3.9'
  url: https://conda.anaconda.org/conda-forge/noarch/wheel-0.45.1-pyhd8ed1ab_1.conda
  hash:
    md5: 75cb7132eb58d97896e173ef12ac9986
    sha256: 1b34021e815ff89a4d902d879c3bd2040bc1bd6169b32e9427497fa05c55f1ce
  category: main
  optional: false
- name: wheel
  version: 0.45.1
  manager: conda
  platform: win-64
  dependencies:
    python: '>=3.9'
  url: https://conda.anaconda.org/conda-forge/noarch/wheel-0.45.1-pyhd8ed1ab_1.conda
  hash:
    md5: 75cb7132eb58d97896e173ef12ac9986
    sha256: 1b34021e815ff89a4d902d879c3bd2040bc1bd6169b32e9427497fa05c55f1ce
  category: main
  optional: false
